
Microsoft Visual Studio Solution File, Format Version 12.00
# Visual Studio Version 16
VisualStudioVersion = 16.0.29519.87
MinimumVisualStudioVersion = 10.0.40219.1
Project("{9A19103F-16F7-4668-BE54-9A1E7A4F7556}") = "MyInventory_base", "MyInventory\MyInventory_base.csproj", "{6B62D348-370C-4416-8485-9D8B5C70A713}"
EndProject
Global
	GlobalSection(SolutionConfigurationPlatforms) = preSolution
		Debug|Any CPU = Debug|Any CPU
		Release|Any CPU = Release|Any CPU
	EndGlobalSection
	GlobalSection(ProjectConfigurationPlatforms) = postSolution
		{6B62D348-370C-4416-8485-9D8B5C70A713}.Debug|Any CPU.ActiveCfg = Debug|Any CPU
		{6B62D348-370C-4416-8485-9D8B5C70A713}.Debug|Any CPU.Build.0 = Debug|Any CPU
		{6B62D348-370C-4416-8485-9D8B5C70A713}.Release|Any CPU.ActiveCfg = Release|Any CPU
		{6B62D348-370C-4416-8485-9D8B5C70A713}.Release|Any CPU.Build.0 = Release|Any CPU
	EndGlobalSection
	GlobalSection(SolutionProperties) = preSolution
		HideSolutionNode = FALSE
	EndGlobalSection
	GlobalSection(ExtensibilityGlobals) = postSolution
		SolutionGuid = {8D924D27-1B62-4C72-A141-231B216F5670}
	EndGlobalSection
EndGlobal
